// !$*UTF8*$!
{
	archiveVersion = 1;
	classes = {
	};
	objectVersion = 77;
	objects = {

/* Begin PBXContainerItemProxy section */
		271AAE842DDFEB7E0076B614 /* PBXContainerItemProxy */ = {
			isa = PBXContainerItemProxy;
			containerPortal = 271AAE6C2DDFEB7D0076B614 /* Project object */;
			proxyType = 1;
			remoteGlobalIDString = 271AAE732DDFEB7D0076B614;
			remoteInfo = StoryPanels;
		};
		271AAE8E2DDFEB7E0076B614 /* PBXContainerItemProxy */ = {
			isa = PBXContainerItemProxy;
			containerPortal = 271AAE6C2DDFEB7D0076B614 /* Project object */;
			proxyType = 1;
			remoteGlobalIDString = 271AAE732DDFEB7D0076B614;
			remoteInfo = StoryPanels;
		};
/* End PBXContainerItemProxy section */

/* Begin PBXFileReference section */
		271AAE742DDFEB7D0076B614 /* StoryPanels.app */ = {isa = PBXFileReference; explicitFileType = wrapper.application; includeInIndex = 0; path = StoryPanels.app; sourceTree = BUILT_PRODUCTS_DIR; };
		271AAE832DDFEB7E0076B614 /* StoryPanelsTests.xctest */ = {isa = PBXFileReference; explicitFileType = wrapper.cfbundle; includeInIndex = 0; path = StoryPanelsTests.xctest; sourceTree = BUILT_PRODUCTS_DIR; };
		271AAE8D2DDFEB7E0076B614 /* StoryPanelsUITests.xctest */ = {isa = PBXFileReference; explicitFileType = wrapper.cfbundle; includeInIndex = 0; path = StoryPanelsUITests.xctest; sourceTree = BUILT_PRODUCTS_DIR; };
/* End PBXFileReference section */

/* Begin PBXFileSystemSynchronizedRootGroup section */
		271AAE762DDFEB7D0076B614 /* StoryPanels */ = {
			isa = PBXFileSystemSynchronizedRootGroup;
			path = StoryPanels;
			sourceTree = "<group>";
		};
		271AAE862DDFEB7E0076B614 /* StoryPanelsTests */ = {
			isa = PBXFileSystemSynchronizedRootGroup;
			path = StoryPanelsTests;
			sourceTree = "<group>";
		};
		271AAE902DDFEB7E0076B614 /* StoryPanelsUITests */ = {
			isa = PBXFileSystemSynchronizedRootGroup;
			path = StoryPanelsUITests;
			sourceTree = "<group>";
		};
/* End PBXFileSystemSynchronizedRootGroup section */

/* Begin PBXFrameworksBuildPhase section */
		271AAE712DDFEB7D0076B614 /* Frameworks */ = {
			isa = PBXFrameworksBuildPhase;
			buildActionMask = 2147483647;
			files = (
			);
			runOnlyForDeploymentPostprocessing = 0;
		};
		271AAE802DDFEB7E0076B614 /* Frameworks */ = {
			isa = PBXFrameworksBuildPhase;
			buildActionMask = 2147483647;
			files = (
			);
			runOnlyForDeploymentPostprocessing = 0;
		};
		271AAE8A2DDFEB7E0076B614 /* Frameworks */ = {
			isa = PBXFrameworksBuildPhase;
			buildActionMask = 2147483647;
			files = (
			);
			runOnlyForDeploymentPostprocessing = 0;
		};
/* End PBXFrameworksBuildPhase section */

/* Begin PBXGroup section */
		271AAE6B2DDFEB7D0076B614 = {
			isa = PBXGroup;
			children = (
				271AAE762DDFEB7D0076B614 /* StoryPanels */,
				271AAE862DDFEB7E0076B614 /* StoryPanelsTests */,
				271AAE902DDFEB7E0076B614 /* StoryPanelsUITests */,
				271AAE752DDFEB7D0076B614 /* Products */,
			);
			sourceTree = "<group>";
		};
		271AAE752DDFEB7D0076B614 /* Products */ = {
			isa = PBXGroup;
			children = (
				271AAE742DDFEB7D0076B614 /* StoryPanels.app */,
				271AAE832DDFEB7E0076B614 /* StoryPanelsTests.xctest */,
				271AAE8D2DDFEB7E0076B614 /* StoryPanelsUITests.xctest */,
			);
			name = Products;
			sourceTree = "<group>";
		};
/* End PBXGroup section */

/* Begin PBXNativeTarget section */
		271AAE732DDFEB7D0076B614 /* StoryPanels */ = {
			isa = PBXNativeTarget;
			buildConfigurationList = 271AAE972DDFEB7E0076B614 /* Build configuration list for PBXNativeTarget "StoryPanels" */;
			buildPhases = (
				271AAE702DDFEB7D0076B614 /* Sources */,
				271AAE712DDFEB7D0076B614 /* Frameworks */,
				271AAE722DDFEB7D0076B614 /* Resources */,
			);
			buildRules = (
			);
			dependencies = (
			);
			fileSystemSynchronizedGroups = (
				271AAE762DDFEB7D0076B614 /* StoryPanels */,
			);
			name = StoryPanels;
			packageProductDependencies = (
			);
			productName = StoryPanels;
			productReference = 271AAE742DDFEB7D0076B614 /* StoryPanels.app */;
			productType = "com.apple.product-type.application";
		};
		271AAE822DDFEB7E0076B614 /* StoryPanelsTests */ = {
			isa = PBXNativeTarget;
			buildConfigurationList = 271AAE9A2DDFEB7E0076B614 /* Build configuration list for PBXNativeTarget "StoryPanelsTests" */;
			buildPhases = (
				271AAE7F2DDFEB7E0076B614 /* Sources */,
				271AAE802DDFEB7E0076B614 /* Frameworks */,
				271AAE812DDFEB7E0076B614 /* Resources */,
			);
			buildRules = (
			);
			dependencies = (
				271AAE852DDFEB7E0076B614 /* PBXTargetDependency */,
			);
			fileSystemSynchronizedGroups = (
				271AAE862DDFEB7E0076B614 /* StoryPanelsTests */,
			);
			name = StoryPanelsTests;
			packageProductDependencies = (
			);
			productName = StoryPanelsTests;
			productReference = 271AAE832DDFEB7E0076B614 /* StoryPanelsTests.xctest */;
			productType = "com.apple.product-type.bundle.unit-test";
		};
		271AAE8C2DDFEB7E0076B614 /* StoryPanelsUITests */ = {
			isa = PBXNativeTarget;
			buildConfigurationList = 271AAE9D2DDFEB7E0076B614 /* Build configuration list for PBXNativeTarget "StoryPanelsUITests" */;
			buildPhases = (
				271AAE892DDFEB7E0076B614 /* Sources */,
				271AAE8A2DDFEB7E0076B614 /* Frameworks */,
				271AAE8B2DDFEB7E0076B614 /* Resources */,
			);
			buildRules = (
			);
			dependencies = (
				271AAE8F2DDFEB7E0076B614 /* PBXTargetDependency */,
			);
			fileSystemSynchronizedGroups = (
				271AAE902DDFEB7E0076B614 /* StoryPanelsUITests */,
			);
			name = StoryPanelsUITests;
			packageProductDependencies = (
			);
			productName = StoryPanelsUITests;
			productReference = 271AAE8D2DDFEB7E0076B614 /* StoryPanelsUITests.xctest */;
			productType = "com.apple.product-type.bundle.ui-testing";
		};
/* End PBXNativeTarget section */

/* Begin PBXProject section */
		271AAE6C2DDFEB7D0076B614 /* Project object */ = {
			isa = PBXProject;
			attributes = {
				BuildIndependentTargetsInParallel = 1;
				LastSwiftUpdateCheck = 1630;
				LastUpgradeCheck = 1630;
				TargetAttributes = {
					271AAE732DDFEB7D0076B614 = {
						CreatedOnToolsVersion = 16.3;
					};
					271AAE822DDFEB7E0076B614 = {
						CreatedOnToolsVersion = 16.3;
						TestTargetID = 271AAE732DDFEB7D0076B614;
					};
					271AAE8C2DDFEB7E0076B614 = {
						CreatedOnToolsVersion = 16.3;
						TestTargetID = 271AAE732DDFEB7D0076B614;
					};
				};
			};
			buildConfigurationList = 271AAE6F2DDFEB7D0076B614 /* Build configuration list for PBXProject "StoryPanels" */;
			developmentRegion = en;
			hasScannedForEncodings = 0;
			knownRegions = (
				en,
				Base,
			);
			mainGroup = 271AAE6B2DDFEB7D0076B614;
			minimizedProjectReferenceProxies = 1;
			preferredProjectObjectVersion = 77;
			productRefGroup = 271AAE752DDFEB7D0076B614 /* Products */;
			projectDirPath = "";
			projectRoot = "";
			targets = (
				271AAE732DDFEB7D0076B614 /* StoryPanels */,
				271AAE822DDFEB7E0076B614 /* StoryPanelsTests */,
				271AAE8C2DDFEB7E0076B614 /* StoryPanelsUITests */,
			);
		};
/* End PBXProject section */

/* Begin PBXResourcesBuildPhase section */
		271AAE722DDFEB7D0076B614 /* Resources */ = {
			isa = PBXResourcesBuildPhase;
			buildActionMask = 2147483647;
			files = (
			);
			runOnlyForDeploymentPostprocessing = 0;
		};
		271AAE812DDFEB7E0076B614 /* Resources */ = {
			isa = PBXResourcesBuildPhase;
			buildActionMask = 2147483647;
			files = (
			);
			runOnlyForDeploymentPostprocessing = 0;
		};
		271AAE8B2DDFEB7E0076B614 /* Resources */ = {
			isa = PBXResourcesBuildPhase;
			buildActionMask = 2147483647;
			files = (
			);
			runOnlyForDeploymentPostprocessing = 0;
		};
/* End PBXResourcesBuildPhase section */

/* Begin PBXSourcesBuildPhase section */
		271AAE702DDFEB7D0076B614 /* Sources */ = {
			isa = PBXSourcesBuildPhase;
			buildActionMask = 2147483647;
			files = (
			);
			runOnlyForDeploymentPostprocessing = 0;
		};
		271AAE7F2DDFEB7E0076B614 /* Sources */ = {
			isa = PBXSourcesBuildPhase;
			buildActionMask = 2147483647;
			files = (
			);
			runOnlyForDeploymentPostprocessing = 0;
		};
		271AAE892DDFEB7E0076B614 /* Sources */ = {
			isa = PBXSourcesBuildPhase;
			buildActionMask = 2147483647;
			files = (
			);
			runOnlyForDeploymentPostprocessing = 0;
		};
/* End PBXSourcesBuildPhase section */

/* Begin PBXTargetDependency section */
		271AAE852DDFEB7E0076B614 /* PBXTargetDependency */ = {
			isa = PBXTargetDependency;
			target = 271AAE732DDFEB7D0076B614 /* StoryPanels */;
			targetProxy = 271AAE842DDFEB7E0076B614 /* PBXContainerItemProxy */;
		};
		271AAE8F2DDFEB7E0076B614 /* PBXTargetDependency */ = {
			isa = PBXTargetDependency;
			target = 271AAE732DDFEB7D0076B614 /* StoryPanels */;
			targetProxy = 271AAE8E2DDFEB7E0076B614 /* PBXContainerItemProxy */;
		};
/* End PBXTargetDependency section */

/* Begin XCBuildConfiguration section */
		271AAE952DDFEB7E0076B614 /* Debug */ = {
			isa = XCBuildConfiguration;
			buildSettings = {
				ALWAYS_SEARCH_USER_PATHS = NO;
				ASSETCATALOG_COMPILER_GENERATE_SWIFT_ASSET_SYMBOL_EXTENSIONS = YES;
				CLANG_ANALYZER_NONNULL = YES;
				CLANG_ANALYZER_NUMBER_OBJECT_CONVERSION = YES_AGGRESSIVE;
				CLANG_CXX_LANGUAGE_STANDARD = "gnu++20";
				CLANG_ENABLE_MODULES = YES;
				CLANG_ENABLE_OBJC_ARC = YES;
				CLANG_ENABLE_OBJC_WEAK = YES;
				CLANG_WARN_BLOCK_CAPTURE_AUTORELEASING = YES;
				CLANG_WARN_BOOL_CONVERSION = YES;
				CLANG_WARN_COMMA = YES;
				CLANG_WARN_CONSTANT_CONVERSION = YES;
				CLANG_WARN_DEPRECATED_OBJC_IMPLEMENTATIONS = YES;
				CLANG_WARN_DIRECT_OBJC_ISA_USAGE = YES_ERROR;
				CLANG_WARN_DOCUMENTATION_COMMENTS = YES;
				CLANG_WARN_EMPTY_BODY = YES;
				CLANG_WARN_ENUM_CONVERSION = YES;
				CLANG_WARN_INFINITE_RECURSION = YES;
				CLANG_WARN_INT_CONVERSION = YES;
				CLANG_WARN_NON_LITERAL_NULL_CONVERSION = YES;
				CLANG_WARN_OBJC_IMPLICIT_RETAIN_SELF = YES;
				CLANG_WARN_OBJC_LITERAL_CONVERSION = YES;
				CLANG_WARN_OBJC_ROOT_CLASS = YES_ERROR;
				CLANG_WARN_QUOTED_INCLUDE_IN_FRAMEWORK_HEADER = YES;
				CLANG_WARN_RANGE_LOOP_ANALYSIS = YES;
				CLANG_WARN_STRICT_PROTOTYPES = YES;
				CLANG_WARN_SUSPICIOUS_MOVE = YES;
				CLANG_WARN_UNGUARDED_AVAILABILITY = YES_AGGRESSIVE;
				CLANG_WARN_UNREACHABLE_CODE = YES;
				CLANG_WARN__DUPLICATE_METHOD_MATCH = YES;
				COPY_PHASE_STRIP = NO;
				DEBUG_INFORMATION_FORMAT = dwarf;
				ENABLE_STRICT_OBJC_MSGSEND = YES;
				ENABLE_TESTABILITY = YES;
				ENABLE_USER_SCRIPT_SANDBOXING = YES;
				GCC_C_LANGUAGE_STANDARD = gnu17;
				GCC_DYNAMIC_NO_PIC = NO;
				GCC_NO_COMMON_BLOCKS = YES;
				GCC_OPTIMIZATION_LEVEL = 0;
				GCC_PREPROCESSOR_DEFINITIONS = (
					"DEBUG=1",
					"$(inherited)",
				);
				GCC_WARN_64_TO_32_BIT_CONVERSION = YES;
				GCC_WARN_ABOUT_RETURN_TYPE = YES_ERROR;
				GCC_WARN_UNDECLARED_SELECTOR = YES;
				GCC_WARN_UNINITIALIZED_AUTOS = YES_AGGRESSIVE;
				GCC_WARN_UNUSED_FUNCTION = YES;
				GCC_WARN_UNUSED_VARIABLE = YES;
				IPHONEOS_DEPLOYMENT_TARGET = 18.4;
				LOCALIZATION_PREFERS_STRING_CATALOGS = YES;
				MTL_ENABLE_DEBUG_INFO = INCLUDE_SOURCE;
				MTL_FAST_MATH = YES;
				ONLY_ACTIVE_ARCH = YES;
				SDKROOT = iphoneos;
				SWIFT_ACTIVE_COMPILATION_CONDITIONS = "DEBUG $(inherited)";
				SWIFT_OPTIMIZATION_LEVEL = "-Onone";
			};
			name = Debug;
		};
		271AAE962DDFEB7E0076B614 /* Release */ = {
			isa = XCBuildConfiguration;
			buildSettings = {
				ALWAYS_SEARCH_USER_PATHS = NO;
				ASSETCATALOG_COMPILER_GENERATE_SWIFT_ASSET_SYMBOL_EXTENSIONS = YES;
				CLANG_ANALYZER_NONNULL = YES;
				CLANG_ANALYZER_NUMBER_OBJECT_CONVERSION = YES_AGGRESSIVE;
				CLANG_CXX_LANGUAGE_STANDARD = "gnu++20";
				CLANG_ENABLE_MODULES = YES;
				CLANG_ENABLE_OBJC_ARC = YES;
				CLANG_ENABLE_OBJC_WEAK = YES;
				CLANG_WARN_BLOCK_CAPTURE_AUTORELEASING = YES;
				CLANG_WARN_BOOL_CONVERSION = YES;
				CLANG_WARN_COMMA = YES;
				CLANG_WARN_CONSTANT_CONVERSION = YES;
				CLANG_WARN_DEPRECATED_OBJC_IMPLEMENTATIONS = YES;
				CLANG_WARN_DIRECT_OBJC_ISA_USAGE = YES_ERROR;
				CLANG_WARN_DOCUMENTATION_COMMENTS = YES;
				CLANG_WARN_EMPTY_BODY = YES;
				CLANG_WARN_ENUM_CONVERSION = YES;
				CLANG_WARN_INFINITE_RECURSION = YES;
				CLANG_WARN_INT_CONVERSION = YES;
				CLANG_WARN_NON_LITERAL_NULL_CONVERSION = YES;
				CLANG_WARN_OBJC_IMPLICIT_RETAIN_SELF = YES;
				CLANG_WARN_OBJC_LITERAL_CONVERSION = YES;
				CLANG_WARN_OBJC_ROOT_CLASS = YES_ERROR;
				CLANG_WARN_QUOTED_INCLUDE_IN_FRAMEWORK_HEADER = YES;
				CLANG_WARN_RANGE_LOOP_ANALYSIS = YES;
				CLANG_WARN_STRICT_PROTOTYPES = YES;
				CLANG_WARN_SUSPICIOUS_MOVE = YES;
				CLANG_WARN_UNGUARDED_AVAILABILITY = YES_AGGRESSIVE;
				CLANG_WARN_UNREACHABLE_CODE = YES;
				CLANG_WARN__DUPLICATE_METHOD_MATCH = YES;
				COPY_PHASE_STRIP = NO;
				DEBUG_INFORMATION_FORMAT = "dwarf-with-dsym";
				ENABLE_NS_ASSERTIONS = NO;
				ENABLE_STRICT_OBJC_MSGSEND = YES;
				ENABLE_USER_SCRIPT_SANDBOXING = YES;
				GCC_C_LANGUAGE_STANDARD = gnu17;
				GCC_NO_COMMON_BLOCKS = YES;
				GCC_WARN_64_TO_32_BIT_CONVERSION = YES;
				GCC_WARN_ABOUT_RETURN_TYPE = YES_ERROR;
				GCC_WARN_UNDECLARED_SELECTOR = YES;
				GCC_WARN_UNINITIALIZED_AUTOS = YES_AGGRESSIVE;
				GCC_WARN_UNUSED_FUNCTION = YES;
				GCC_WARN_UNUSED_VARIABLE = YES;
				IPHONEOS_DEPLOYMENT_TARGET = 18.4;
				LOCALIZATION_PREFERS_STRING_CATALOGS = YES;
				MTL_ENABLE_DEBUG_INFO = NO;
				MTL_FAST_MATH = YES;
				SDKROOT = iphoneos;
				SWIFT_COMPILATION_MODE = wholemodule;
				VALIDATE_PRODUCT = YES;
			};
			name = Release;
		};
		271AAE982DDFEB7E0076B614 /* Debug */ = {
			isa = XCBuildConfiguration;
			buildSettings = {
				ASSETCATALOG_COMPILER_APPICON_NAME = AppIcon;
				ASSETCATALOG_COMPILER_GLOBAL_ACCENT_COLOR_NAME = AccentColor;
				CODE_SIGN_STYLE = Automatic;
				CURRENT_PROJECT_VERSION = 1;
				DEVELOPMENT_TEAM = GJNCZ5V677;
				ENABLE_PREVIEWS = YES;
				GENERATE_INFOPLIST_FILE = YES;
				INFOPLIST_KEY_NSPhotoLibraryAddUsageDescription = "This app requires access to your photo library to save your comic panels.";
				INFOPLIST_KEY_UIApplicationSceneManifest_Generation = YES;
				INFOPLIST_KEY_UIApplicationSupportsIndirectInputEvents = YES;
				INFOPLIST_KEY_UILaunchScreen_Generation = YES;
				INFOPLIST_KEY_UISupportedInterfaceOrientations_iPad = "UIInterfaceOrientationPortrait UIInterfaceOrientationPortraitUpsideDown";
				INFOPLIST_KEY_UISupportedInterfaceOrientations_iPhone = UIInterfaceOrientationPortrait;
				LD_RUNPATH_SEARCH_PATHS = (
					"$(inherited)",
					"@executable_path/Frameworks",
				);
				MARKETING_VERSION = 1.0;
				PRODUCT_BUNDLE_IDENTIFIER = comicai.StoryPanels;
				PRODUCT_NAME = "$(TARGET_NAME)";
				SWIFT_EMIT_LOC_STRINGS = YES;
				SWIFT_VERSION = 5.0;
				TARGETED_DEVICE_FAMILY = "1,2";
			};
			name = Debug;
		};
		271AAE992DDFEB7E0076B614 /* Release */ = {
			isa = XCBuildConfiguration;
			buildSettings = {
				ASSETCATALOG_COMPILER_APPICON_NAME = AppIcon;
				ASSETCATALOG_COMPILER_GLOBAL_ACCENT_COLOR_NAME = AccentColor;
				CODE_SIGN_STYLE = Automatic;
				CURRENT_PROJECT_VERSION = 1;
				DEVELOPMENT_TEAM = GJNCZ5V677;
				ENABLE_PREVIEWS = YES;
				GENERATE_INFOPLIST_FILE = YES;
				INFOPLIST_KEY_NSPhotoLibraryAddUsageDescription = "This app requires access to your photo library to save your comic panels.";
				INFOPLIST_KEY_UIApplicationSceneManifest_Generation = YES;
				INFOPLIST_KEY_UIApplicationSupportsIndirectInputEvents = YES;
				INFOPLIST_KEY_UILaunchScreen_Generation = YES;
				INFOPLIST_KEY_UISupportedInterfaceOrientations_iPad = "UIInterfaceOrientationPortrait UIInterfaceOrientationPortraitUpsideDown";
				INFOPLIST_KEY_UISupportedInterfaceOrientations_iPhone = UIInterfaceOrientationPortrait;
				LD_RUNPATH_SEARCH_PATHS = (
					"$(inherited)",
					"@executable_path/Frameworks",
				);
				MARKETING_VERSION = 1.0;
				PRODUCT_BUNDLE_IDENTIFIER = comicai.StoryPanels;
				PRODUCT_NAME = "$(TARGET_NAME)";
				SWIFT_EMIT_LOC_STRINGS = YES;
				SWIFT_VERSION = 5.0;
				TARGETED_DEVICE_FAMILY = "1,2";
			};
			name = Release;
		};
		271AAE9B2DDFEB7E0076B614 /* Debug */ = {
			isa = XCBuildConfiguration;
			buildSettings = {
				BUNDLE_LOADER = "$(TEST_HOST)";
				CODE_SIGN_STYLE = Automatic;
				CURRENT_PROJECT_VERSION = 1;
				GENERATE_INFOPLIST_FILE = YES;
				IPHONEOS_DEPLOYMENT_TARGET = 18.4;
				MARKETING_VERSION = 1.0;
				PRODUCT_BUNDLE_IDENTIFIER = comicai.StoryPanelsTests;
				PRODUCT_NAME = "$(TARGET_NAME)";
				SWIFT_EMIT_LOC_STRINGS = NO;
				SWIFT_VERSION = 5.0;
				TARGETED_DEVICE_FAMILY = "1,2";
				TEST_HOST = "$(BUILT_PRODUCTS_DIR)/StoryPanels.app/$(BUNDLE_EXECUTABLE_FOLDER_PATH)/StoryPanels";
			};
			name = Debug;
		};
		271AAE9C2DDFEB7E0076B614 /* Release */ = {
			isa = XCBuildConfiguration;
			buildSettings = {
				BUNDLE_LOADER = "$(TEST_HOST)";
				CODE_SIGN_STYLE = Automatic;
				CURRENT_PROJECT_VERSION = 1;
				GENERATE_INFOPLIST_FILE = YES;
				IPHONEOS_DEPLOYMENT_TARGET = 18.4;
				MARKETING_VERSION = 1.0;
				PRODUCT_BUNDLE_IDENTIFIER = comicai.StoryPanelsTests;
				PRODUCT_NAME = "$(TARGET_NAME)";
				SWIFT_EMIT_LOC_STRINGS = NO;
				SWIFT_VERSION = 5.0;
				TARGETED_DEVICE_FAMILY = "1,2";
				TEST_HOST = "$(BUILT_PRODUCTS_DIR)/StoryPanels.app/$(BUNDLE_EXECUTABLE_FOLDER_PATH)/StoryPanels";
			};
			name = Release;
		};
		271AAE9E2DDFEB7E0076B614 /* Debug */ = {
			isa = XCBuildConfiguration;
			buildSettings = {
				CODE_SIGN_STYLE = Automatic;
				CURRENT_PROJECT_VERSION = 1;
				GENERATE_INFOPLIST_FILE = YES;
				MARKETING_VERSION = 1.0;
				PRODUCT_BUNDLE_IDENTIFIER = comicai.StoryPanelsUITests;
				PRODUCT_NAME = "$(TARGET_NAME)";
				SWIFT_EMIT_LOC_STRINGS = NO;
				SWIFT_VERSION = 5.0;
				TARGETED_DEVICE_FAMILY = "1,2";
				TEST_TARGET_NAME = StoryPanels;
			};
			name = Debug;
		};
		271AAE9F2DDFEB7E0076B614 /* Release */ = {
			isa = XCBuildConfiguration;
			buildSettings = {
				CODE_SIGN_STYLE = Automatic;
				CURRENT_PROJECT_VERSION = 1;
				GENERATE_INFOPLIST_FILE = YES;
				MARKETING_VERSION = 1.0;
				PRODUCT_BUNDLE_IDENTIFIER = comicai.StoryPanelsUITests;
				PRODUCT_NAME = "$(TARGET_NAME)";
				SWIFT_EMIT_LOC_STRINGS = NO;
				SWIFT_VERSION = 5.0;
				TARGETED_DEVICE_FAMILY = "1,2";
				TEST_TARGET_NAME = StoryPanels;
			};
			name = Release;
		};
/* End XCBuildConfiguration section */

/* Begin XCConfigurationList section */
		271AAE6F2DDFEB7D0076B614 /* Build configuration list for PBXProject "StoryPanels" */ = {
			isa = XCConfigurationList;
			buildConfigurations = (
				271AAE952DDFEB7E0076B614 /* Debug */,
				271AAE962DDFEB7E0076B614 /* Release */,
			);
			defaultConfigurationIsVisible = 0;
			defaultConfigurationName = Release;
		};
		271AAE972DDFEB7E0076B614 /* Build configuration list for PBXNativeTarget "StoryPanels" */ = {
			isa = XCConfigurationList;
			buildConfigurations = (
				271AAE982DDFEB7E0076B614 /* Debug */,
				271AAE992DDFEB7E0076B614 /* Release */,
			);
			defaultConfigurationIsVisible = 0;
			defaultConfigurationName = Release;
		};
		271AAE9A2DDFEB7E0076B614 /* Build configuration list for PBXNativeTarget "StoryPanelsTests" */ = {
			isa = XCConfigurationList;
			buildConfigurations = (
				271AAE9B2DDFEB7E0076B614 /* Debug */,
				271AAE9C2DDFEB7E0076B614 /* Release */,
			);
			defaultConfigurationIsVisible = 0;
			defaultConfigurationName = Release;
		};
		271AAE9D2DDFEB7E0076B614 /* Build configuration list for PBXNativeTarget "StoryPanelsUITests" */ = {
			isa = XCConfigurationList;
			buildConfigurations = (
				271AAE9E2DDFEB7E0076B614 /* Debug */,
				271AAE9F2DDFEB7E0076B614 /* Release */,
			);
			defaultConfigurationIsVisible = 0;
			defaultConfigurationName = Release;
		};
/* End XCConfigurationList section */
	};
	rootObject = 271AAE6C2DDFEB7D0076B614 /* Project object */;
}
